
Microsoft Visual Studio Solution File, Format Version 12.00
# Visual Studio Version 17
VisualStudioVersion = 17.7.34003.232
MinimumVisualStudioVersion = 10.0.40219.1
Project("{FAE04EC0-301F-11D3-BF4B-00C04F79EFBC}") = "SerilogExample", "SerilogExample\SerilogExample.csproj", "{2F84E803-1EAA-4829-9F91-0D387C0E8767}"
EndProject
Global
	GlobalSection(SolutionConfigurationPlatforms) = preSolution
		Debug|Any CPU = Debug|Any CPU
		Release|Any CPU = Release|Any CPU
	EndGlobalSection
	GlobalSection(ProjectConfigurationPlatforms) = postSolution
		{2F84E803-1EAA-4829-9F91-0D387C0E8767}.Debug|Any CPU.ActiveCfg = Debug|Any CPU
		{2F84E803-1EAA-4829-9F91-0D387C0E8767}.Debug|Any CPU.Build.0 = Debug|Any CPU
		{2F84E803-1EAA-4829-9F91-0D387C0E8767}.Release|Any CPU.ActiveCfg = Release|Any CPU
		{2F84E803-1EAA-4829-9F91-0D387C0E8767}.Release|Any CPU.Build.0 = Release|Any CPU
	EndGlobalSection
	GlobalSection(SolutionProperties) = preSolution
		HideSolutionNode = FALSE
	EndGlobalSection
	GlobalSection(ExtensibilityGlobals) = postSolution
		SolutionGuid = {AEF2789E-CF77-4F8F-9F4B-3593B8D112C5}
	EndGlobalSection
EndGlobal
